
Microsoft Visual Studio Solution File, Format Version 12.00
# Visual Studio 14
VisualStudioVersion = 14.0.25420.1
MinimumVisualStudioVersion = 10.0.40219.1
Project("{2150E333-8FDC-42A3-9474-1A3956D46DE8}") = "Solution Items", "Solution Items", "{0AC680BC-F4ED-4F4D-87FD-45D4CE6FC633}"
	ProjectSection(SolutionItems) = preProject
		.gitignore = .gitignore
		README.md = README.md
	EndProjectSection
EndProject
Project("{FAE04EC0-301F-11D3-BF4B-00C04F79EFBC}") = "thewall9.v2.web", "thewall9.v2.web\thewall9.v2.web.csproj", "{1070212A-9F43-4696-9AA4-F94D1CAF7904}"
EndProject
Global
	GlobalSection(SolutionConfigurationPlatforms) = preSolution
		Debug|Any CPU = Debug|Any CPU
		Release|Any CPU = Release|Any CPU
	EndGlobalSection
	GlobalSection(ProjectConfigurationPlatforms) = postSolution
		{1070212A-9F43-4696-9AA4-F94D1CAF7904}.Debug|Any CPU.ActiveCfg = Debug|Any CPU
		{1070212A-9F43-4696-9AA4-F94D1CAF7904}.Debug|Any CPU.Build.0 = Debug|Any CPU
		{1070212A-9F43-4696-9AA4-F94D1CAF7904}.Release|Any CPU.ActiveCfg = Release|Any CPU
		{1070212A-9F43-4696-9AA4-F94D1CAF7904}.Release|Any CPU.Build.0 = Release|Any CPU
	EndGlobalSection
	GlobalSection(SolutionProperties) = preSolution
		HideSolutionNode = FALSE
	EndGlobalSection
EndGlobal
